
Microsoft Visual Studio Solution File, Format Version 12.00
# Visual Studio Version 17
VisualStudioVersion = 17.13.35825.156 d17.13
MinimumVisualStudioVersion = 10.0.40219.1
Project("{FAE04EC0-301F-11D3-BF4B-00C04F79EFBC}") = "Asp.net MVC task-2", "Asp.net MVC task-2.csproj", "{BE3FA011-7861-43E7-A8CA-16A4C1AD5FCB}"
EndProject
Global
	GlobalSection(SolutionConfigurationPlatforms) = preSolution
		Debug|Any CPU = Debug|Any CPU
		Release|Any CPU = Release|Any CPU
	EndGlobalSection
	GlobalSection(ProjectConfigurationPlatforms) = postSolution
		{BE3FA011-7861-43E7-A8CA-16A4C1AD5FCB}.Debug|Any CPU.ActiveCfg = Debug|Any CPU
		{BE3FA011-7861-43E7-A8CA-16A4C1AD5FCB}.Debug|Any CPU.Build.0 = Debug|Any CPU
		{BE3FA011-7861-43E7-A8CA-16A4C1AD5FCB}.Release|Any CPU.ActiveCfg = Release|Any CPU
		{BE3FA011-7861-43E7-A8CA-16A4C1AD5FCB}.Release|Any CPU.Build.0 = Release|Any CPU
	EndGlobalSection
	GlobalSection(SolutionProperties) = preSolution
		HideSolutionNode = FALSE
	EndGlobalSection
	GlobalSection(ExtensibilityGlobals) = postSolution
		SolutionGuid = {1C49CB14-9B1D-4E60-9478-80804365E1C9}
	EndGlobalSection
EndGlobal
